// !$*UTF8*$!
{
	archiveVersion = 1;
	classes = {
	};
	objectVersion = 56;
	objects = {

/* Begin PBXBuildFile section */
		A40000000000000000000001 /* FbPollerApp.swift in Sources */ = {isa = PBXBuildFile; fileRef = A20000000000000000000001 /* FbPollerApp.swift */; };
		A40000000000000000000002 /* ContentView.swift in Sources */ = {isa = PBXBuildFile; fileRef = A20000000000000000000002 /* ContentView.swift */; };
		A40000000000000000000003 /* BroadcastPicker.swift in Sources */ = {isa = PBXBuildFile; fileRef = A20000000000000000000003 /* BroadcastPicker.swift */; };
		A40000000000000000000004 /* HubStore.swift in Sources */ = {isa = PBXBuildFile; fileRef = A2000000000000000000000A /* HubStore.swift */; };
		A40000000000000000000005 /* Assets.xcassets in Resources */ = {isa = PBXBuildFile; fileRef = A20000000000000000000004 /* Assets.xcassets */; };
		A40000000000000000000006 /* SampleHandler.swift in Sources */ = {isa = PBXBuildFile; fileRef = A20000000000000000000007 /* SampleHandler.swift */; };
		A40000000000000000000007 /* HubStore.swift in Sources */ = {isa = PBXBuildFile; fileRef = A2000000000000000000000A /* HubStore.swift */; };
		A40000000000000000000008 /* FbPollerBroadcast.appex in Embed Foundation Extensions */ = {isa = PBXBuildFile; fileRef = A2000000000000000000000C /* FbPollerBroadcast.appex */; settings = {ATTRIBUTES = (RemoveHeadersOnCopy, ); }; };
		A40000000000000000000009 /* ReplayKit.framework in Frameworks */ = {isa = PBXBuildFile; fileRef = A2000000000000000000000D /* ReplayKit.framework */; };
		A4000000000000000000000A /* ReplayKit.framework in Frameworks */ = {isa = PBXBuildFile; fileRef = A2000000000000000000000D /* ReplayKit.framework */; };
		A4000000000000000000000B /* Vision.framework in Frameworks */ = {isa = PBXBuildFile; fileRef = A2000000000000000000000E /* Vision.framework */; };
/* End PBXBuildFile section */

/* Begin PBXContainerItemProxy section */
		A60000000000000000000001 /* PBXContainerItemProxy */ = {
			isa = PBXContainerItemProxy;
			containerPortal = A10000000000000000000001 /* Project object */;
			proxyType = 1;
			remoteGlobalIDString = A10000000000000000000003;
			remoteInfo = FbPollerBroadcast;
		};
/* End PBXContainerItemProxy section */

/* Begin PBXCopyFilesBuildPhase section */
		A50000000000000000000007 /* Embed Foundation Extensions */ = {
			isa = PBXCopyFilesBuildPhase;
			buildActionMask = 2147483647;
			dstPath = "";
			dstSubfolderSpec = 13;
			files = (
				A40000000000000000000008 /* FbPollerBroadcast.appex in Embed Foundation Extensions */,
			);
			name = "Embed Foundation Extensions";
			runOnlyForDeploymentPostprocessing = 0;
		};
/* End PBXCopyFilesBuildPhase section */

/* Begin PBXFileReference section */
		A20000000000000000000001 /* FbPollerApp.swift */ = {isa = PBXFileReference; lastKnownFileType = sourcecode.swift; path = FbPollerApp.swift; sourceTree = "<group>"; };
		A20000000000000000000002 /* ContentView.swift */ = {isa = PBXFileReference; lastKnownFileType = sourcecode.swift; path = ContentView.swift; sourceTree = "<group>"; };
		A20000000000000000000003 /* BroadcastPicker.swift */ = {isa = PBXFileReference; lastKnownFileType = sourcecode.swift; path = BroadcastPicker.swift; sourceTree = "<group>"; };
		A20000000000000000000004 /* Assets.xcassets */ = {isa = PBXFileReference; lastKnownFileType = folder.assetcatalog; path = Assets.xcassets; sourceTree = "<group>"; };
		A20000000000000000000005 /* Info.plist */ = {isa = PBXFileReference; lastKnownFileType = text.plist.xml; path = Info.plist; sourceTree = "<group>"; };
		A20000000000000000000006 /* FbPoller.entitlements */ = {isa = PBXFileReference; lastKnownFileType = text.plist.entitlements; path = FbPoller.entitlements; sourceTree = "<group>"; };
		A20000000000000000000007 /* SampleHandler.swift */ = {isa = PBXFileReference; lastKnownFileType = sourcecode.swift; path = SampleHandler.swift; sourceTree = "<group>"; };
		A20000000000000000000008 /* Info.plist */ = {isa = PBXFileReference; lastKnownFileType = text.plist.xml; path = Info.plist; sourceTree = "<group>"; };
		A20000000000000000000009 /* FbPollerBroadcast.entitlements */ = {isa = PBXFileReference; lastKnownFileType = text.plist.entitlements; path = FbPollerBroadcast.entitlements; sourceTree = "<group>"; };
		A2000000000000000000000A /* HubStore.swift */ = {isa = PBXFileReference; lastKnownFileType = sourcecode.swift; path = HubStore.swift; sourceTree = "<group>"; };
		A2000000000000000000000B /* FbPoller.app */ = {isa = PBXFileReference; explicitFileType = wrapper.application; includeInIndex = 0; path = FbPoller.app; sourceTree = BUILT_PRODUCTS_DIR; };
		A2000000000000000000000C /* FbPollerBroadcast.appex */ = {isa = PBXFileReference; explicitFileType = "wrapper.app-extension"; includeInIndex = 0; path = FbPollerBroadcast.appex; sourceTree = BUILT_PRODUCTS_DIR; };
		A2000000000000000000000D /* ReplayKit.framework */ = {isa = PBXFileReference; lastKnownFileType = wrapper.framework; name = ReplayKit.framework; path = System/Library/Frameworks/ReplayKit.framework; sourceTree = SDKROOT; };
		A2000000000000000000000E /* Vision.framework */ = {isa = PBXFileReference; lastKnownFileType = wrapper.framework; name = Vision.framework; path = System/Library/Frameworks/Vision.framework; sourceTree = SDKROOT; };
/* End PBXFileReference section */

/* Begin PBXFrameworksBuildPhase section */
		A50000000000000000000003 /* Frameworks */ = {
			isa = PBXFrameworksBuildPhase;
			buildActionMask = 2147483647;
			files = (
				A40000000000000000000009 /* ReplayKit.framework in Frameworks */,
			);
			runOnlyForDeploymentPostprocessing = 0;
		};
		A50000000000000000000004 /* Frameworks */ = {
			isa = PBXFrameworksBuildPhase;
			buildActionMask = 2147483647;
			files = (
				A4000000000000000000000A /* ReplayKit.framework in Frameworks */,
				A4000000000000000000000B /* Vision.framework in Frameworks */,
			);
			runOnlyForDeploymentPostprocessing = 0;
		};
/* End PBXFrameworksBuildPhase section */

/* Begin PBXGroup section */
		A30000000000000000000001 = {
			isa = PBXGroup;
			children = (
				A30000000000000000000002 /* FbPoller */,
				A30000000000000000000003 /* FbPollerBroadcast */,
				A30000000000000000000004 /* Shared */,
				A30000000000000000000006 /* Frameworks */,
				A30000000000000000000005 /* Products */,
			);
			sourceTree = "<group>";
		};
		A30000000000000000000002 /* FbPoller */ = {
			isa = PBXGroup;
			children = (
				A20000000000000000000001 /* FbPollerApp.swift */,
				A20000000000000000000002 /* ContentView.swift */,
				A20000000000000000000003 /* BroadcastPicker.swift */,
				A20000000000000000000004 /* Assets.xcassets */,
				A20000000000000000000005 /* Info.plist */,
				A20000000000000000000006 /* FbPoller.entitlements */,
			);
			path = FbPoller;
			sourceTree = "<group>";
		};
		A30000000000000000000003 /* FbPollerBroadcast */ = {
			isa = PBXGroup;
			children = (
				A20000000000000000000007 /* SampleHandler.swift */,
				A20000000000000000000008 /* Info.plist */,
				A20000000000000000000009 /* FbPollerBroadcast.entitlements */,
			);
			path = FbPollerBroadcast;
			sourceTree = "<group>";
		};
		A30000000000000000000004 /* Shared */ = {
			isa = PBXGroup;
			children = (
				A2000000000000000000000A /* HubStore.swift */,
			);
			path = Shared;
			sourceTree = "<group>";
		};
		A30000000000000000000005 /* Products */ = {
			isa = PBXGroup;
			children = (
				A2000000000000000000000B /* FbPoller.app */,
				A2000000000000000000000C /* FbPollerBroadcast.appex */,
			);
			name = Products;
			sourceTree = "<group>";
		};
		A30000000000000000000006 /* Frameworks */ = {
			isa = PBXGroup;
			children = (
				A2000000000000000000000D /* ReplayKit.framework */,
				A2000000000000000000000E /* Vision.framework */,
			);
			name = Frameworks;
			sourceTree = "<group>";
		};
/* End PBXGroup section */

/* Begin PBXNativeTarget section */
		A10000000000000000000002 /* FbPoller */ = {
			isa = PBXNativeTarget;
			buildConfigurationList = A70000000000000000000008 /* Build configuration list for PBXNativeTarget "FbPoller" */;
			buildPhases = (
				A50000000000000000000001 /* Sources */,
				A50000000000000000000003 /* Frameworks */,
				A50000000000000000000005 /* Resources */,
				A50000000000000000000007 /* Embed Foundation Extensions */,
			);
			buildRules = (
			);
			dependencies = (
				A60000000000000000000002 /* PBXTargetDependency */,
			);
			name = FbPoller;
			productName = FbPoller;
			productReference = A2000000000000000000000B /* FbPoller.app */;
			productType = "com.apple.product-type.application";
		};
		A10000000000000000000003 /* FbPollerBroadcast */ = {
			isa = PBXNativeTarget;
			buildConfigurationList = A70000000000000000000009 /* Build configuration list for PBXNativeTarget "FbPollerBroadcast" */;
			buildPhases = (
				A50000000000000000000002 /* Sources */,
				A50000000000000000000004 /* Frameworks */,
				A50000000000000000000006 /* Resources */,
			);
			buildRules = (
			);
			dependencies = (
			);
			name = FbPollerBroadcast;
			productName = FbPollerBroadcast;
			productReference = A2000000000000000000000C /* FbPollerBroadcast.appex */;
			productType = "com.apple.product-type.app-extension";
		};
/* End PBXNativeTarget section */

/* Begin PBXProject section */
		A10000000000000000000001 /* Project object */ = {
			isa = PBXProject;
			attributes = {
				BuildIndependentTargetsInParallel = 1;
				LastUpgradeCheck = 1500;
				TargetAttributes = {
					A10000000000000000000002 = {
						CreatedOnToolsVersion = 15.0;
					};
					A10000000000000000000003 = {
						CreatedOnToolsVersion = 15.0;
					};
				};
			};
			buildConfigurationList = A70000000000000000000007 /* Build configuration list for PBXProject "FbPoller" */;
			compatibilityVersion = "Xcode 14.0";
			developmentRegion = vi;
			hasScannedForEncodings = 0;
			knownRegions = (
				en,
				vi,
				Base,
			);
			mainGroup = A30000000000000000000001;
			productRefGroup = A30000000000000000000005 /* Products */;
			projectDirPath = "";
			projectRoot = "";
			targets = (
				A10000000000000000000002 /* FbPoller */,
				A10000000000000000000003 /* FbPollerBroadcast */,
			);
		};
/* End PBXProject section */

/* Begin PBXResourcesBuildPhase section */
		A50000000000000000000005 /* Resources */ = {
			isa = PBXResourcesBuildPhase;
			buildActionMask = 2147483647;
			files = (
				A40000000000000000000005 /* Assets.xcassets in Resources */,
			);
			runOnlyForDeploymentPostprocessing = 0;
		};
		A50000000000000000000006 /* Resources */ = {
			isa = PBXResourcesBuildPhase;
			buildActionMask = 2147483647;
			files = (
			);
			runOnlyForDeploymentPostprocessing = 0;
		};
/* End PBXResourcesBuildPhase section */

/* Begin PBXSourcesBuildPhase section */
		A50000000000000000000001 /* Sources */ = {
			isa = PBXSourcesBuildPhase;
			buildActionMask = 2147483647;
			files = (
				A40000000000000000000001 /* FbPollerApp.swift in Sources */,
				A40000000000000000000002 /* ContentView.swift in Sources */,
				A40000000000000000000003 /* BroadcastPicker.swift in Sources */,
				A40000000000000000000004 /* HubStore.swift in Sources */,
			);
			runOnlyForDeploymentPostprocessing = 0;
		};
		A50000000000000000000002 /* Sources */ = {
			isa = PBXSourcesBuildPhase;
			buildActionMask = 2147483647;
			files = (
				A40000000000000000000006 /* SampleHandler.swift in Sources */,
				A40000000000000000000007 /* HubStore.swift in Sources */,
			);
			runOnlyForDeploymentPostprocessing = 0;
		};
/* End PBXSourcesBuildPhase section */

/* Begin PBXTargetDependency section */
		A60000000000000000000002 /* PBXTargetDependency */ = {
			isa = PBXTargetDependency;
			target = A10000000000000000000003 /* FbPollerBroadcast */;
			targetProxy = A60000000000000000000001 /* PBXContainerItemProxy */;
		};
/* End PBXTargetDependency section */

/* Begin XCBuildConfiguration section */
		A70000000000000000000001 /* Debug */ = {
			isa = XCBuildConfiguration;
			buildSettings = {
				ALWAYS_SEARCH_USER_PATHS = NO;
				CLANG_ENABLE_MODULES = YES;
				COPY_PHASE_STRIP = NO;
				DEBUG_INFORMATION_FORMAT = dwarf;
				ENABLE_STRICT_OBJC_MSGSEND = YES;
				GCC_DYNAMIC_NO_PIC = NO;
				GCC_OPTIMIZATION_LEVEL = 0;
				IPHONEOS_DEPLOYMENT_TARGET = 16.0;
				MTL_ENABLE_DEBUG_INFO = INCLUDE_SOURCE;
				ONLY_ACTIVE_ARCH = YES;
				SDKROOT = iphoneos;
				SUPPORTED_PLATFORMS = iphoneos;
				SWIFT_ACTIVE_COMPILATION_CONDITIONS = DEBUG;
				SWIFT_OPTIMIZATION_LEVEL = "-Onone";
				SWIFT_VERSION = 5.0;
			};
			name = Debug;
		};
		A70000000000000000000002 /* Release */ = {
			isa = XCBuildConfiguration;
			buildSettings = {
				ALWAYS_SEARCH_USER_PATHS = NO;
				CLANG_ENABLE_MODULES = YES;
				COPY_PHASE_STRIP = NO;
				DEBUG_INFORMATION_FORMAT = "dwarf-with-dsym";
				ENABLE_NS_ASSERTIONS = NO;
				ENABLE_STRICT_OBJC_MSGSEND = YES;
				IPHONEOS_DEPLOYMENT_TARGET = 16.0;
				MTL_ENABLE_DEBUG_INFO = NO;
				SDKROOT = iphoneos;
				SUPPORTED_PLATFORMS = iphoneos;
				SWIFT_COMPILATION_MODE = wholemodule;
				SWIFT_OPTIMIZATION_LEVEL = "-O";
				SWIFT_VERSION = 5.0;
				VALIDATE_PRODUCT = YES;
			};
			name = Release;
		};
		A70000000000000000000003 /* Debug */ = {
			isa = XCBuildConfiguration;
			buildSettings = {
				ASSETCATALOG_COMPILER_APPICON_NAME = AppIcon;
				CODE_SIGN_ENTITLEMENTS = FbPoller/FbPoller.entitlements;
				CODE_SIGN_STYLE = Automatic;
				CURRENT_PROJECT_VERSION = 18;
				GENERATE_INFOPLIST_FILE = NO;
				INFOPLIST_FILE = FbPoller/Info.plist;
				LD_RUNPATH_SEARCH_PATHS = (
					"$(inherited)",
					"@executable_path/Frameworks",
				);
				MARKETING_VERSION = 1.0;
				PRODUCT_BUNDLE_IDENTIFIER = com.fbpoller.screen;
				PRODUCT_NAME = "$(TARGET_NAME)";
				SUPPORTED_PLATFORMS = iphoneos;
				SUPPORTS_MACCATALYST = NO;
				SWIFT_EMIT_LOC_STRINGS = YES;
				SWIFT_VERSION = 5.0;
				TARGETED_DEVICE_FAMILY = 1;
			};
			name = Debug;
		};
		A70000000000000000000004 /* Release */ = {
			isa = XCBuildConfiguration;
			buildSettings = {
				ASSETCATALOG_COMPILER_APPICON_NAME = AppIcon;
				CODE_SIGN_ENTITLEMENTS = FbPoller/FbPoller.entitlements;
				CODE_SIGN_STYLE = Automatic;
				CURRENT_PROJECT_VERSION = 18;
				GENERATE_INFOPLIST_FILE = NO;
				INFOPLIST_FILE = FbPoller/Info.plist;
				LD_RUNPATH_SEARCH_PATHS = (
					"$(inherited)",
					"@executable_path/Frameworks",
				);
				MARKETING_VERSION = 1.0;
				PRODUCT_BUNDLE_IDENTIFIER = com.fbpoller.screen;
				PRODUCT_NAME = "$(TARGET_NAME)";
				SUPPORTED_PLATFORMS = iphoneos;
				SUPPORTS_MACCATALYST = NO;
				SWIFT_EMIT_LOC_STRINGS = YES;
				SWIFT_VERSION = 5.0;
				TARGETED_DEVICE_FAMILY = 1;
			};
			name = Release;
		};
		A70000000000000000000005 /* Debug */ = {
			isa = XCBuildConfiguration;
			buildSettings = {
				APPLICATION_EXTENSION_API_ONLY = YES;
				CODE_SIGN_ENTITLEMENTS = FbPollerBroadcast/FbPollerBroadcast.entitlements;
				CODE_SIGN_STYLE = Automatic;
				CURRENT_PROJECT_VERSION = 18;
				GENERATE_INFOPLIST_FILE = NO;
				INFOPLIST_FILE = FbPollerBroadcast/Info.plist;
				LD_RUNPATH_SEARCH_PATHS = (
					"$(inherited)",
					"@executable_path/Frameworks",
					"@executable_path/../../Frameworks",
				);
				MARKETING_VERSION = 1.0;
				PRODUCT_BUNDLE_IDENTIFIER = com.fbpoller.screen.broadcast;
				PRODUCT_NAME = "$(TARGET_NAME)";
				SKIP_INSTALL = YES;
				SUPPORTED_PLATFORMS = iphoneos;
				SWIFT_EMIT_LOC_STRINGS = YES;
				SWIFT_VERSION = 5.0;
				TARGETED_DEVICE_FAMILY = 1;
			};
			name = Debug;
		};
		A70000000000000000000006 /* Release */ = {
			isa = XCBuildConfiguration;
			buildSettings = {
				APPLICATION_EXTENSION_API_ONLY = YES;
				CODE_SIGN_ENTITLEMENTS = FbPollerBroadcast/FbPollerBroadcast.entitlements;
				CODE_SIGN_STYLE = Automatic;
				CURRENT_PROJECT_VERSION = 18;
				GENERATE_INFOPLIST_FILE = NO;
				INFOPLIST_FILE = FbPollerBroadcast/Info.plist;
				LD_RUNPATH_SEARCH_PATHS = (
					"$(inherited)",
					"@executable_path/Frameworks",
					"@executable_path/../../Frameworks",
				);
				MARKETING_VERSION = 1.0;
				PRODUCT_BUNDLE_IDENTIFIER = com.fbpoller.screen.broadcast;
				PRODUCT_NAME = "$(TARGET_NAME)";
				SKIP_INSTALL = YES;
				SUPPORTED_PLATFORMS = iphoneos;
				SWIFT_EMIT_LOC_STRINGS = YES;
				SWIFT_VERSION = 5.0;
				TARGETED_DEVICE_FAMILY = 1;
			};
			name = Release;
		};
/* End XCBuildConfiguration section */

/* Begin XCConfigurationList section */
		A70000000000000000000007 /* Build configuration list for PBXProject "FbPoller" */ = {
			isa = XCConfigurationList;
			buildConfigurations = (
				A70000000000000000000001 /* Debug */,
				A70000000000000000000002 /* Release */,
			);
			defaultConfigurationIsVisible = 0;
			defaultConfigurationName = Release;
		};
		A70000000000000000000008 /* Build configuration list for PBXNativeTarget "FbPoller" */ = {
			isa = XCConfigurationList;
			buildConfigurations = (
				A70000000000000000000003 /* Debug */,
				A70000000000000000000004 /* Release */,
			);
			defaultConfigurationIsVisible = 0;
			defaultConfigurationName = Release;
		};
		A70000000000000000000009 /* Build configuration list for PBXNativeTarget "FbPollerBroadcast" */ = {
			isa = XCConfigurationList;
			buildConfigurations = (
				A70000000000000000000005 /* Debug */,
				A70000000000000000000006 /* Release */,
			);
			defaultConfigurationIsVisible = 0;
			defaultConfigurationName = Release;
		};
/* End XCConfigurationList section */
	};
	rootObject = A10000000000000000000001 /* Project object */;
}
